
Microsoft Visual Studio Solution File, Format Version 12.00
# Visual Studio Version 17
VisualStudioVersion = 17.11.35303.130
MinimumVisualStudioVersion = 10.0.40219.1
Project("{2150E333-8FDC-42A3-9474-1A3956D46DE8}") = "Task0", "Task0", "{E899D610-2431-4686-A462-BC628AFD7675}"
EndProject
Project("{9A19103F-16F7-4668-BE54-9A1E7A4F7556}") = "Tyuiu.RogovAYu.Sprint1.Task0.V12.Lib", "Tyuiu.RogovAYu.Sprint1.Task0.V12.Lib\Tyuiu.RogovAYu.Sprint1.Task0.V12.Lib.csproj", "{6F45A524-AFAB-4620-9F91-20D3B0FD7C74}"
EndProject
Project("{9A19103F-16F7-4668-BE54-9A1E7A4F7556}") = "Tyuiu.RogovAYu.Sprint1.Task0.V12.Test", "Tyuiu.RogovAYu.Sprint1.Task0.V12.Test\Tyuiu.RogovAYu.Sprint1.Task0.V12.Test.csproj", "{B7F84CE9-B9BE-4E8F-B313-D9F15F0DCE5B}"
EndProject
Project("{9A19103F-16F7-4668-BE54-9A1E7A4F7556}") = "Tyuiu.RogovAYu.Sprint1.Task0.V12", "Tyuiu.RogovAYu.Sprint1.Task0.V12\Tyuiu.RogovAYu.Sprint1.Task0.V12.csproj", "{E52E2CC2-289E-4463-83F2-230403187A1D}"
EndProject
Project("{2150E333-8FDC-42A3-9474-1A3956D46DE8}") = "Task1", "Task1", "{B2914E4B-CAE3-4DC3-A201-965A034B1DD3}"
EndProject
Project("{9A19103F-16F7-4668-BE54-9A1E7A4F7556}") = "Tyuiu.RogovAYu.Sprint1.Task1.V19", "Tyuiu.RogovAYu.Sprint0.Task1.V19\Tyuiu.RogovAYu.Sprint1.Task1.V19.csproj", "{5BC060F9-2657-42B2-881F-B326967BA167}"
EndProject
Project("{9A19103F-16F7-4668-BE54-9A1E7A4F7556}") = "Tyuiu.RogovAYu.Sprint1.Task1.V19.Lib", "Tyuiu.RogovAYu.Sprint1.Task1.V19.Lib\Tyuiu.RogovAYu.Sprint1.Task1.V19.Lib.csproj", "{65CBFEB6-6820-4F24-B2E3-BD0BB76E9E10}"
EndProject
Project("{9A19103F-16F7-4668-BE54-9A1E7A4F7556}") = "Tyuiu.RogovAYu.Sprint1.Task1.V19.Test", "Tyuiu.RogovAYu.Sprint1.Task0.V19.Test\Tyuiu.RogovAYu.Sprint1.Task1.V19.Test.csproj", "{29A0FCD5-FA3D-4B5D-B685-80060CE7ED69}"
EndProject
Project("{2150E333-8FDC-42A3-9474-1A3956D46DE8}") = "Task2", "Task2", "{91BEEB35-5A0A-458A-AA0E-196BD5D3A756}"
EndProject
Project("{9A19103F-16F7-4668-BE54-9A1E7A4F7556}") = "Tyuiu.RogovAYu.Sprint1.Task2.V9.Test", "Tyuiu.RogovAYu.Sprint1.Task2\Tyuiu.RogovAYu.Sprint1.Task2.V9.Test.csproj", "{2FFB09B1-DCBC-42D7-9339-C969CCE9F7DE}"
EndProject
Project("{9A19103F-16F7-4668-BE54-9A1E7A4F7556}") = "Tyuiu.RogovAYu.Sprint1.Task2.V9.Lib", "Tyuiu.RogovAYu.Sprint1.Task2.V9.Lib\Tyuiu.RogovAYu.Sprint1.Task2.V9.Lib.csproj", "{2A2A7BD2-F51E-4E82-A269-9C9E695AF598}"
EndProject
Project("{9A19103F-16F7-4668-BE54-9A1E7A4F7556}") = "Tyuiu.RogovAYu.Sprint1.Task2.V9", "Tyuiu.RogovAYu.Sprint1.Task2.V9\Tyuiu.RogovAYu.Sprint1.Task2.V9.csproj", "{0EF7A85F-03E0-4FF9-8E91-B74A738F5E03}"
EndProject
Project("{2150E333-8FDC-42A3-9474-1A3956D46DE8}") = "Task3", "Task3", "{131B8A91-AE5E-4D5D-B9D5-DB4BC209EA23}"
EndProject
Project("{9A19103F-16F7-4668-BE54-9A1E7A4F7556}") = "Tyuiu.RogovAYu.Sprint1.Task3.V10.Lib", "Tyuiu.RogovAYu.Sprint1.Task3.V10.Lib\Tyuiu.RogovAYu.Sprint1.Task3.V10.Lib.csproj", "{34F891E9-4BDA-45BD-9E71-E7BA723894A7}"
EndProject
Project("{2150E333-8FDC-42A3-9474-1A3956D46DE8}") = "Task4", "Task4", "{0123E3AA-2E31-440E-9153-F62A344B7002}"
EndProject
Project("{9A19103F-16F7-4668-BE54-9A1E7A4F7556}") = "Tyuiu.RogovAYu.Sprint1.Task4.V28.Lib", "Tyuiu.RogovAYu.Sprint1.Task4.V28.Lib\Tyuiu.RogovAYu.Sprint1.Task4.V28.Lib.csproj", "{C29457B7-00D5-420F-8C28-86AA508DB6AB}"
EndProject
Project("{2150E333-8FDC-42A3-9474-1A3956D46DE8}") = "Task5", "Task5", "{269C50E5-3D53-4134-8AE4-2F7FFF427BB5}"
EndProject
Project("{9A19103F-16F7-4668-BE54-9A1E7A4F7556}") = "Tyuiu.RogovAYu.Sprint1.Task5.V3.Lib", "Tyuiu.RogovAYu.Sprint1.Task5.V3.Lib\Tyuiu.RogovAYu.Sprint1.Task5.V3.Lib.csproj", "{0C3CEBAA-1A1D-4CD7-91A1-C7990EDF8C9E}"
EndProject
Project("{2150E333-8FDC-42A3-9474-1A3956D46DE8}") = "Task6", "Task6", "{8748AE86-AB12-4D23-9247-C6246BEB673B}"
EndProject
Project("{9A19103F-16F7-4668-BE54-9A1E7A4F7556}") = "Tyuiu.RogovAYu.Sprint1.Task6.V13.Lib", "Tyuiu.RogovAYu.Sprint1.Task6.V13.Lib\Tyuiu.RogovAYu.Sprint1.Task6.V13.Lib.csproj", "{CE529C21-68E7-4B3E-957B-C757DC482217}"
EndProject
Project("{9A19103F-16F7-4668-BE54-9A1E7A4F7556}") = "Tyuiu.RogovAYu.Sprint1.Task6.V13.Test", "Tyuiu.RogovAYu.Sprint1.Task6.V13.Test\Tyuiu.RogovAYu.Sprint1.Task6.V13.Test.csproj", "{EA27F5DA-DED6-4256-A3D9-547F538F9D41}"
EndProject
Project("{2150E333-8FDC-42A3-9474-1A3956D46DE8}") = "Task7", "Task7", "{C87A33E5-0570-49C9-A2C8-C5454725BFCA}"
EndProject
Project("{9A19103F-16F7-4668-BE54-9A1E7A4F7556}") = "Tyuiu.RogovAYu.Sprint1.Task7.V27.Lib", "Tyuiu.RogovAYu.Sprint1.Task7.V27.Lib\Tyuiu.RogovAYu.Sprint1.Task7.V27.Lib.csproj", "{DE7ECBF2-83E1-4E89-BB4F-45D18970C5A5}"
EndProject
Project("{9A19103F-16F7-4668-BE54-9A1E7A4F7556}") = "Tyuiu.RogovAYu.Sprint1.Task7.Test", "Tyuiu.RogovAYu.Sprint1.Task7.Test\Tyuiu.RogovAYu.Sprint1.Task7.Test.csproj", "{78E7E97E-3948-430F-9B8D-1B78510861DF}"
EndProject
Project("{FAE04EC0-301F-11D3-BF4B-00C04F79EFBC}") = "Tyuiu.RogovAYu.Sprint1.Task.3.V10.Test", "Tyuiu.RogovAYu.Sprint1.Task.3.V10\Tyuiu.RogovAYu.Sprint1.Task.3.V10.Test.csproj", "{CFC44772-A558-4755-A966-CD6E0A1A67B3}"
EndProject
Project("{FAE04EC0-301F-11D3-BF4B-00C04F79EFBC}") = "Tyuiu.RogovAYu.Sprint1.Task3.V10", "Tyuiu.RogovAYu.Sprint1.Task0.V10\Tyuiu.RogovAYu.Sprint1.Task3.V10.csproj", "{B357A6D4-4594-4160-A58A-AB29E6B22579}"
EndProject
Project("{FAE04EC0-301F-11D3-BF4B-00C04F79EFBC}") = "Tyuiu.RogovAYu.Sprint1.Task4.V28.Test", "Tyuiu.RogovAYu.Sprint1.Task4.V28\Tyuiu.RogovAYu.Sprint1.Task4.V28.Test.csproj", "{66702013-783B-45B0-8F5A-9E55EC6CB5F3}"
EndProject
Project("{FAE04EC0-301F-11D3-BF4B-00C04F79EFBC}") = "Tyuiu.RogovAYu.Sprint1.Task4.V28", "Tyuiu.RogovAYu.Sprint1.Task4.V28\Tyuiu.RogovAYu.Sprint1.Task4.V28.csproj", "{E97D00D8-8FC4-4EEF-8ADA-8484015BE9F7}"
EndProject
Project("{FAE04EC0-301F-11D3-BF4B-00C04F79EFBC}") = "Tyuiu.RogovAYu.Sprint1.Task5.V3", "Tyuiu.RogovAYu.Sprint1.Task5.V3\Tyuiu.RogovAYu.Sprint1.Task5.V3.csproj", "{091A3C17-0281-4190-B4F4-A551763423D5}"
EndProject
Project("{FAE04EC0-301F-11D3-BF4B-00C04F79EFBC}") = "Tyuiu.RogovAYu.Sprint1.Task5.V3.Test", "Tyuiu.RogovAYu.Sprint1.Task5.V3.Test\Tyuiu.RogovAYu.Sprint1.Task5.V3.Test.csproj", "{4D7393E1-5AC3-4D42-8C91-5A0A17C32990}"
EndProject
Project("{FAE04EC0-301F-11D3-BF4B-00C04F79EFBC}") = "Tyuiu.RogovAYu.Sprint1.Task6.V13", "Tyuiu.RogovAYu.Sprint1.Task6.V13\Tyuiu.RogovAYu.Sprint1.Task6.V13.csproj", "{F152F735-6B15-44E7-B8E3-684863584F5D}"
EndProject
Project("{FAE04EC0-301F-11D3-BF4B-00C04F79EFBC}") = "Tyuiu.RogovAYu.Sprint1.Task7.V27", "Tyuiu.RogovAYu.Sprint1.Task7.V27\Tyuiu.RogovAYu.Sprint1.Task7.V27.csproj", "{1C7F3068-3F2F-4EC4-8F41-B2667E94DC61}"
EndProject
Global
	GlobalSection(SolutionConfigurationPlatforms) = preSolution
		Debug|Any CPU = Debug|Any CPU
		Release|Any CPU = Release|Any CPU
	EndGlobalSection
	GlobalSection(ProjectConfigurationPlatforms) = postSolution
		{6F45A524-AFAB-4620-9F91-20D3B0FD7C74}.Debug|Any CPU.ActiveCfg = Debug|Any CPU
		{6F45A524-AFAB-4620-9F91-20D3B0FD7C74}.Debug|Any CPU.Build.0 = Debug|Any CPU
		{6F45A524-AFAB-4620-9F91-20D3B0FD7C74}.Release|Any CPU.ActiveCfg = Release|Any CPU
		{6F45A524-AFAB-4620-9F91-20D3B0FD7C74}.Release|Any CPU.Build.0 = Release|Any CPU
		{B7F84CE9-B9BE-4E8F-B313-D9F15F0DCE5B}.Debug|Any CPU.ActiveCfg = Debug|Any CPU
		{B7F84CE9-B9BE-4E8F-B313-D9F15F0DCE5B}.Debug|Any CPU.Build.0 = Debug|Any CPU
		{B7F84CE9-B9BE-4E8F-B313-D9F15F0DCE5B}.Release|Any CPU.ActiveCfg = Release|Any CPU
		{B7F84CE9-B9BE-4E8F-B313-D9F15F0DCE5B}.Release|Any CPU.Build.0 = Release|Any CPU
		{E52E2CC2-289E-4463-83F2-230403187A1D}.Debug|Any CPU.ActiveCfg = Debug|Any CPU
		{E52E2CC2-289E-4463-83F2-230403187A1D}.Debug|Any CPU.Build.0 = Debug|Any CPU
		{E52E2CC2-289E-4463-83F2-230403187A1D}.Release|Any CPU.ActiveCfg = Release|Any CPU
		{E52E2CC2-289E-4463-83F2-230403187A1D}.Release|Any CPU.Build.0 = Release|Any CPU
		{5BC060F9-2657-42B2-881F-B326967BA167}.Debug|Any CPU.ActiveCfg = Debug|Any CPU
		{5BC060F9-2657-42B2-881F-B326967BA167}.Debug|Any CPU.Build.0 = Debug|Any CPU
		{5BC060F9-2657-42B2-881F-B326967BA167}.Release|Any CPU.ActiveCfg = Release|Any CPU
		{5BC060F9-2657-42B2-881F-B326967BA167}.Release|Any CPU.Build.0 = Release|Any CPU
		{65CBFEB6-6820-4F24-B2E3-BD0BB76E9E10}.Debug|Any CPU.ActiveCfg = Debug|Any CPU
		{65CBFEB6-6820-4F24-B2E3-BD0BB76E9E10}.Debug|Any CPU.Build.0 = Debug|Any CPU
		{65CBFEB6-6820-4F24-B2E3-BD0BB76E9E10}.Release|Any CPU.ActiveCfg = Release|Any CPU
		{65CBFEB6-6820-4F24-B2E3-BD0BB76E9E10}.Release|Any CPU.Build.0 = Release|Any CPU
		{29A0FCD5-FA3D-4B5D-B685-80060CE7ED69}.Debug|Any CPU.ActiveCfg = Debug|Any CPU
		{29A0FCD5-FA3D-4B5D-B685-80060CE7ED69}.Debug|Any CPU.Build.0 = Debug|Any CPU
		{29A0FCD5-FA3D-4B5D-B685-80060CE7ED69}.Release|Any CPU.ActiveCfg = Release|Any CPU
		{29A0FCD5-FA3D-4B5D-B685-80060CE7ED69}.Release|Any CPU.Build.0 = Release|Any CPU
		{2FFB09B1-DCBC-42D7-9339-C969CCE9F7DE}.Debug|Any CPU.ActiveCfg = Debug|Any CPU
		{2FFB09B1-DCBC-42D7-9339-C969CCE9F7DE}.Debug|Any CPU.Build.0 = Debug|Any CPU
		{2FFB09B1-DCBC-42D7-9339-C969CCE9F7DE}.Release|Any CPU.ActiveCfg = Release|Any CPU
		{2FFB09B1-DCBC-42D7-9339-C969CCE9F7DE}.Release|Any CPU.Build.0 = Release|Any CPU
		{2A2A7BD2-F51E-4E82-A269-9C9E695AF598}.Debug|Any CPU.ActiveCfg = Debug|Any CPU
		{2A2A7BD2-F51E-4E82-A269-9C9E695AF598}.Debug|Any CPU.Build.0 = Debug|Any CPU
		{2A2A7BD2-F51E-4E82-A269-9C9E695AF598}.Release|Any CPU.ActiveCfg = Release|Any CPU
		{2A2A7BD2-F51E-4E82-A269-9C9E695AF598}.Release|Any CPU.Build.0 = Release|Any CPU
		{0EF7A85F-03E0-4FF9-8E91-B74A738F5E03}.Debug|Any CPU.ActiveCfg = Debug|Any CPU
		{0EF7A85F-03E0-4FF9-8E91-B74A738F5E03}.Debug|Any CPU.Build.0 = Debug|Any CPU
		{0EF7A85F-03E0-4FF9-8E91-B74A738F5E03}.Release|Any CPU.ActiveCfg = Release|Any CPU
		{0EF7A85F-03E0-4FF9-8E91-B74A738F5E03}.Release|Any CPU.Build.0 = Release|Any CPU
		{34F891E9-4BDA-45BD-9E71-E7BA723894A7}.Debug|Any CPU.ActiveCfg = Debug|Any CPU
		{34F891E9-4BDA-45BD-9E71-E7BA723894A7}.Debug|Any CPU.Build.0 = Debug|Any CPU
		{34F891E9-4BDA-45BD-9E71-E7BA723894A7}.Release|Any CPU.ActiveCfg = Release|Any CPU
		{34F891E9-4BDA-45BD-9E71-E7BA723894A7}.Release|Any CPU.Build.0 = Release|Any CPU
		{C29457B7-00D5-420F-8C28-86AA508DB6AB}.Debug|Any CPU.ActiveCfg = Debug|Any CPU
		{C29457B7-00D5-420F-8C28-86AA508DB6AB}.Debug|Any CPU.Build.0 = Debug|Any CPU
		{C29457B7-00D5-420F-8C28-86AA508DB6AB}.Release|Any CPU.ActiveCfg = Release|Any CPU
		{C29457B7-00D5-420F-8C28-86AA508DB6AB}.Release|Any CPU.Build.0 = Release|Any CPU
		{0C3CEBAA-1A1D-4CD7-91A1-C7990EDF8C9E}.Debug|Any CPU.ActiveCfg = Debug|Any CPU
		{0C3CEBAA-1A1D-4CD7-91A1-C7990EDF8C9E}.Debug|Any CPU.Build.0 = Debug|Any CPU
		{0C3CEBAA-1A1D-4CD7-91A1-C7990EDF8C9E}.Release|Any CPU.ActiveCfg = Release|Any CPU
		{0C3CEBAA-1A1D-4CD7-91A1-C7990EDF8C9E}.Release|Any CPU.Build.0 = Release|Any CPU
		{CE529C21-68E7-4B3E-957B-C757DC482217}.Debug|Any CPU.ActiveCfg = Debug|Any CPU
		{CE529C21-68E7-4B3E-957B-C757DC482217}.Debug|Any CPU.Build.0 = Debug|Any CPU
		{CE529C21-68E7-4B3E-957B-C757DC482217}.Release|Any CPU.ActiveCfg = Release|Any CPU
		{CE529C21-68E7-4B3E-957B-C757DC482217}.Release|Any CPU.Build.0 = Release|Any CPU
		{EA27F5DA-DED6-4256-A3D9-547F538F9D41}.Debug|Any CPU.ActiveCfg = Debug|Any CPU
		{EA27F5DA-DED6-4256-A3D9-547F538F9D41}.Debug|Any CPU.Build.0 = Debug|Any CPU
		{EA27F5DA-DED6-4256-A3D9-547F538F9D41}.Release|Any CPU.ActiveCfg = Release|Any CPU
		{EA27F5DA-DED6-4256-A3D9-547F538F9D41}.Release|Any CPU.Build.0 = Release|Any CPU
		{DE7ECBF2-83E1-4E89-BB4F-45D18970C5A5}.Debug|Any CPU.ActiveCfg = Debug|Any CPU
		{DE7ECBF2-83E1-4E89-BB4F-45D18970C5A5}.Debug|Any CPU.Build.0 = Debug|Any CPU
		{DE7ECBF2-83E1-4E89-BB4F-45D18970C5A5}.Release|Any CPU.ActiveCfg = Release|Any CPU
		{DE7ECBF2-83E1-4E89-BB4F-45D18970C5A5}.Release|Any CPU.Build.0 = Release|Any CPU
		{78E7E97E-3948-430F-9B8D-1B78510861DF}.Debug|Any CPU.ActiveCfg = Debug|Any CPU
		{78E7E97E-3948-430F-9B8D-1B78510861DF}.Debug|Any CPU.Build.0 = Debug|Any CPU
		{78E7E97E-3948-430F-9B8D-1B78510861DF}.Release|Any CPU.ActiveCfg = Release|Any CPU
		{78E7E97E-3948-430F-9B8D-1B78510861DF}.Release|Any CPU.Build.0 = Release|Any CPU
		{CFC44772-A558-4755-A966-CD6E0A1A67B3}.Debug|Any CPU.ActiveCfg = Debug|Any CPU
		{CFC44772-A558-4755-A966-CD6E0A1A67B3}.Debug|Any CPU.Build.0 = Debug|Any CPU
		{CFC44772-A558-4755-A966-CD6E0A1A67B3}.Release|Any CPU.ActiveCfg = Release|Any CPU
		{CFC44772-A558-4755-A966-CD6E0A1A67B3}.Release|Any CPU.Build.0 = Release|Any CPU
		{B357A6D4-4594-4160-A58A-AB29E6B22579}.Debug|Any CPU.ActiveCfg = Debug|Any CPU
		{B357A6D4-4594-4160-A58A-AB29E6B22579}.Debug|Any CPU.Build.0 = Debug|Any CPU
		{B357A6D4-4594-4160-A58A-AB29E6B22579}.Release|Any CPU.ActiveCfg = Release|Any CPU
		{B357A6D4-4594-4160-A58A-AB29E6B22579}.Release|Any CPU.Build.0 = Release|Any CPU
		{66702013-783B-45B0-8F5A-9E55EC6CB5F3}.Debug|Any CPU.ActiveCfg = Debug|Any CPU
		{66702013-783B-45B0-8F5A-9E55EC6CB5F3}.Debug|Any CPU.Build.0 = Debug|Any CPU
		{66702013-783B-45B0-8F5A-9E55EC6CB5F3}.Release|Any CPU.ActiveCfg = Release|Any CPU
		{66702013-783B-45B0-8F5A-9E55EC6CB5F3}.Release|Any CPU.Build.0 = Release|Any CPU
		{E97D00D8-8FC4-4EEF-8ADA-8484015BE9F7}.Debug|Any CPU.ActiveCfg = Debug|Any CPU
		{E97D00D8-8FC4-4EEF-8ADA-8484015BE9F7}.Debug|Any CPU.Build.0 = Debug|Any CPU
		{E97D00D8-8FC4-4EEF-8ADA-8484015BE9F7}.Release|Any CPU.ActiveCfg = Release|Any CPU
		{E97D00D8-8FC4-4EEF-8ADA-8484015BE9F7}.Release|Any CPU.Build.0 = Release|Any CPU
		{091A3C17-0281-4190-B4F4-A551763423D5}.Debug|Any CPU.ActiveCfg = Debug|Any CPU
		{091A3C17-0281-4190-B4F4-A551763423D5}.Debug|Any CPU.Build.0 = Debug|Any CPU
		{091A3C17-0281-4190-B4F4-A551763423D5}.Release|Any CPU.ActiveCfg = Release|Any CPU
		{091A3C17-0281-4190-B4F4-A551763423D5}.Release|Any CPU.Build.0 = Release|Any CPU
		{4D7393E1-5AC3-4D42-8C91-5A0A17C32990}.Debug|Any CPU.ActiveCfg = Debug|Any CPU
		{4D7393E1-5AC3-4D42-8C91-5A0A17C32990}.Debug|Any CPU.Build.0 = Debug|Any CPU
		{4D7393E1-5AC3-4D42-8C91-5A0A17C32990}.Release|Any CPU.ActiveCfg = Release|Any CPU
		{4D7393E1-5AC3-4D42-8C91-5A0A17C32990}.Release|Any CPU.Build.0 = Release|Any CPU
		{F152F735-6B15-44E7-B8E3-684863584F5D}.Debug|Any CPU.ActiveCfg = Debug|Any CPU
		{F152F735-6B15-44E7-B8E3-684863584F5D}.Debug|Any CPU.Build.0 = Debug|Any CPU
		{F152F735-6B15-44E7-B8E3-684863584F5D}.Release|Any CPU.ActiveCfg = Release|Any CPU
		{F152F735-6B15-44E7-B8E3-684863584F5D}.Release|Any CPU.Build.0 = Release|Any CPU
		{1C7F3068-3F2F-4EC4-8F41-B2667E94DC61}.Debug|Any CPU.ActiveCfg = Debug|Any CPU
		{1C7F3068-3F2F-4EC4-8F41-B2667E94DC61}.Debug|Any CPU.Build.0 = Debug|Any CPU
		{1C7F3068-3F2F-4EC4-8F41-B2667E94DC61}.Release|Any CPU.ActiveCfg = Release|Any CPU
		{1C7F3068-3F2F-4EC4-8F41-B2667E94DC61}.Release|Any CPU.Build.0 = Release|Any CPU
	EndGlobalSection
	GlobalSection(SolutionProperties) = preSolution
		HideSolutionNode = FALSE
	EndGlobalSection
	GlobalSection(NestedProjects) = preSolution
		{6F45A524-AFAB-4620-9F91-20D3B0FD7C74} = {E899D610-2431-4686-A462-BC628AFD7675}
		{B7F84CE9-B9BE-4E8F-B313-D9F15F0DCE5B} = {E899D610-2431-4686-A462-BC628AFD7675}
		{E52E2CC2-289E-4463-83F2-230403187A1D} = {E899D610-2431-4686-A462-BC628AFD7675}
		{5BC060F9-2657-42B2-881F-B326967BA167} = {B2914E4B-CAE3-4DC3-A201-965A034B1DD3}
		{65CBFEB6-6820-4F24-B2E3-BD0BB76E9E10} = {B2914E4B-CAE3-4DC3-A201-965A034B1DD3}
		{29A0FCD5-FA3D-4B5D-B685-80060CE7ED69} = {B2914E4B-CAE3-4DC3-A201-965A034B1DD3}
		{2FFB09B1-DCBC-42D7-9339-C969CCE9F7DE} = {91BEEB35-5A0A-458A-AA0E-196BD5D3A756}
		{2A2A7BD2-F51E-4E82-A269-9C9E695AF598} = {91BEEB35-5A0A-458A-AA0E-196BD5D3A756}
		{0EF7A85F-03E0-4FF9-8E91-B74A738F5E03} = {91BEEB35-5A0A-458A-AA0E-196BD5D3A756}
		{34F891E9-4BDA-45BD-9E71-E7BA723894A7} = {131B8A91-AE5E-4D5D-B9D5-DB4BC209EA23}
		{C29457B7-00D5-420F-8C28-86AA508DB6AB} = {0123E3AA-2E31-440E-9153-F62A344B7002}
		{0C3CEBAA-1A1D-4CD7-91A1-C7990EDF8C9E} = {269C50E5-3D53-4134-8AE4-2F7FFF427BB5}
		{CE529C21-68E7-4B3E-957B-C757DC482217} = {8748AE86-AB12-4D23-9247-C6246BEB673B}
		{EA27F5DA-DED6-4256-A3D9-547F538F9D41} = {8748AE86-AB12-4D23-9247-C6246BEB673B}
		{DE7ECBF2-83E1-4E89-BB4F-45D18970C5A5} = {C87A33E5-0570-49C9-A2C8-C5454725BFCA}
		{78E7E97E-3948-430F-9B8D-1B78510861DF} = {C87A33E5-0570-49C9-A2C8-C5454725BFCA}
		{CFC44772-A558-4755-A966-CD6E0A1A67B3} = {131B8A91-AE5E-4D5D-B9D5-DB4BC209EA23}
		{B357A6D4-4594-4160-A58A-AB29E6B22579} = {131B8A91-AE5E-4D5D-B9D5-DB4BC209EA23}
		{66702013-783B-45B0-8F5A-9E55EC6CB5F3} = {0123E3AA-2E31-440E-9153-F62A344B7002}
		{E97D00D8-8FC4-4EEF-8ADA-8484015BE9F7} = {0123E3AA-2E31-440E-9153-F62A344B7002}
		{091A3C17-0281-4190-B4F4-A551763423D5} = {269C50E5-3D53-4134-8AE4-2F7FFF427BB5}
		{4D7393E1-5AC3-4D42-8C91-5A0A17C32990} = {269C50E5-3D53-4134-8AE4-2F7FFF427BB5}
		{F152F735-6B15-44E7-B8E3-684863584F5D} = {8748AE86-AB12-4D23-9247-C6246BEB673B}
		{1C7F3068-3F2F-4EC4-8F41-B2667E94DC61} = {C87A33E5-0570-49C9-A2C8-C5454725BFCA}
	EndGlobalSection
	GlobalSection(ExtensibilityGlobals) = postSolution
		SolutionGuid = {82A8ED35-A945-4BF3-8C8F-E4CD1DEB37B3}
	EndGlobalSection
EndGlobal
