
Microsoft Visual Studio Solution File, Format Version 12.00
# Visual Studio Version 17
VisualStudioVersion = 17.11.35303.130
MinimumVisualStudioVersion = 10.0.40219.1
Project("{2150E333-8FDC-42A3-9474-1A3956D46DE8}") = "Task0", "Task0", "{E899D610-2431-4686-A462-BC628AFD7675}"
EndProject
Project("{9A19103F-16F7-4668-BE54-9A1E7A4F7556}") = "Tyuiu.RogovAYu.Sprint1.Task0.V12.Lib", "Tyuiu.RogovAYu.Sprint1.Task0.V12.Lib\Tyuiu.RogovAYu.Sprint1.Task0.V12.Lib.csproj", "{6F45A524-AFAB-4620-9F91-20D3B0FD7C74}"
EndProject
Project("{9A19103F-16F7-4668-BE54-9A1E7A4F7556}") = "Tyuiu.RogovAYu.Sprint1.Task0.V12.Test", "Tyuiu.RogovAYu.Sprint1.Task0.V12.Test\Tyuiu.RogovAYu.Sprint1.Task0.V12.Test.csproj", "{B7F84CE9-B9BE-4E8F-B313-D9F15F0DCE5B}"
EndProject
Project("{9A19103F-16F7-4668-BE54-9A1E7A4F7556}") = "Tyuiu.RogovAYu.Sprint1.Task0.V12", "Tyuiu.RogovAYu.Sprint1.Task0.V12\Tyuiu.RogovAYu.Sprint1.Task0.V12.csproj", "{E52E2CC2-289E-4463-83F2-230403187A1D}"
EndProject
Project("{2150E333-8FDC-42A3-9474-1A3956D46DE8}") = "Task1", "Task1", "{B2914E4B-CAE3-4DC3-A201-965A034B1DD3}"
EndProject
Project("{9A19103F-16F7-4668-BE54-9A1E7A4F7556}") = "Tyuiu.RogovAYu.Sprint1.Task1.V19", "Tyuiu.RogovAYu.Sprint0.Task1.V19\Tyuiu.RogovAYu.Sprint1.Task1.V19.csproj", "{5BC060F9-2657-42B2-881F-B326967BA167}"
EndProject
Project("{9A19103F-16F7-4668-BE54-9A1E7A4F7556}") = "Tyuiu.RogovAYu.Sprint1.Task1.V19.Lib", "Tyuiu.RogovAYu.Sprint1.Task1.V19.Lib\Tyuiu.RogovAYu.Sprint1.Task1.V19.Lib.csproj", "{65CBFEB6-6820-4F24-B2E3-BD0BB76E9E10}"
EndProject
Project("{9A19103F-16F7-4668-BE54-9A1E7A4F7556}") = "Tyuiu.RogovAYu.Sprint1.Task1.V19.Test", "Tyuiu.RogovAYu.Sprint1.Task0.V19.Test\Tyuiu.RogovAYu.Sprint1.Task1.V19.Test.csproj", "{29A0FCD5-FA3D-4B5D-B685-80060CE7ED69}"
EndProject
Project("{2150E333-8FDC-42A3-9474-1A3956D46DE8}") = "Task2", "Task2", "{91BEEB35-5A0A-458A-AA0E-196BD5D3A756}"
EndProject
Project("{9A19103F-16F7-4668-BE54-9A1E7A4F7556}") = "Tyuiu.RogovAYu.Sprint1.Task2.V9.Test", "Tyuiu.RogovAYu.Sprint1.Task2\Tyuiu.RogovAYu.Sprint1.Task2.V9.Test.csproj", "{2FFB09B1-DCBC-42D7-9339-C969CCE9F7DE}"
EndProject
Project("{9A19103F-16F7-4668-BE54-9A1E7A4F7556}") = "Tyuiu.RogovAYu.Sprint1.Task2.V9.Lib", "Tyuiu.RogovAYu.Sprint1.Task2.V9.Lib\Tyuiu.RogovAYu.Sprint1.Task2.V9.Lib.csproj", "{2A2A7BD2-F51E-4E82-A269-9C9E695AF598}"
EndProject
Project("{9A19103F-16F7-4668-BE54-9A1E7A4F7556}") = "Tyuiu.RogovAYu.Sprint1.Task2.V9", "Tyuiu.RogovAYu.Sprint1.Task2.V9\Tyuiu.RogovAYu.Sprint1.Task2.V9.csproj", "{0EF7A85F-03E0-4FF9-8E91-B74A738F5E03}"
EndProject
Project("{2150E333-8FDC-42A3-9474-1A3956D46DE8}") = "Task3", "Task3", "{131B8A91-AE5E-4D5D-B9D5-DB4BC209EA23}"
EndProject
Project("{9A19103F-16F7-4668-BE54-9A1E7A4F7556}") = "Tyuiu.RogovAYu.Sprint1.Task3.V10.Lib", "Tyuiu.RogovAYu.Sprint1.Task3.V10.Lib\Tyuiu.RogovAYu.Sprint1.Task3.V10.Lib.csproj", "{34F891E9-4BDA-45BD-9E71-E7BA723894A7}"
EndProject
Project("{2150E333-8FDC-42A3-9474-1A3956D46DE8}") = "Task4", "Task4", "{0123E3AA-2E31-440E-9153-F62A344B7002}"
EndProject
Project("{9A19103F-16F7-4668-BE54-9A1E7A4F7556}") = "Tyuiu.RogovAYu.Sprint1.Task4.V28.Lib", "Tyuiu.RogovAYu.Sprint1.Task4.V28.Lib\Tyuiu.RogovAYu.Sprint1.Task4.V28.Lib.csproj", "{C29457B7-00D5-420F-8C28-86AA508DB6AB}"
EndProject
Project("{2150E333-8FDC-42A3-9474-1A3956D46DE8}") = "Task5", "Task5", "{269C50E5-3D53-4134-8AE4-2F7FFF427BB5}"
EndProject
Project("{FAE04EC0-301F-11D3-BF4B-00C04F79EFBC}") = "Tyuiu.RogovAYu.Sprint1.Task6.V3.Lib", "Tyuiu.RogovAYu.Sprint1.Task6.V3.Lib\Tyuiu.RogovAYu.Sprint1.Task6.V3.Lib.csproj", "{1A96D99F-2BAC-4B4A-A404-24DDE4FA8ADE}"
EndProject
Global
	GlobalSection(SolutionConfigurationPlatforms) = preSolution
		Debug|Any CPU = Debug|Any CPU
		Release|Any CPU = Release|Any CPU
	EndGlobalSection
	GlobalSection(ProjectConfigurationPlatforms) = postSolution
		{6F45A524-AFAB-4620-9F91-20D3B0FD7C74}.Debug|Any CPU.ActiveCfg = Debug|Any CPU
		{6F45A524-AFAB-4620-9F91-20D3B0FD7C74}.Debug|Any CPU.Build.0 = Debug|Any CPU
		{6F45A524-AFAB-4620-9F91-20D3B0FD7C74}.Release|Any CPU.ActiveCfg = Release|Any CPU
		{6F45A524-AFAB-4620-9F91-20D3B0FD7C74}.Release|Any CPU.Build.0 = Release|Any CPU
		{B7F84CE9-B9BE-4E8F-B313-D9F15F0DCE5B}.Debug|Any CPU.ActiveCfg = Debug|Any CPU
		{B7F84CE9-B9BE-4E8F-B313-D9F15F0DCE5B}.Debug|Any CPU.Build.0 = Debug|Any CPU
		{B7F84CE9-B9BE-4E8F-B313-D9F15F0DCE5B}.Release|Any CPU.ActiveCfg = Release|Any CPU
		{B7F84CE9-B9BE-4E8F-B313-D9F15F0DCE5B}.Release|Any CPU.Build.0 = Release|Any CPU
		{E52E2CC2-289E-4463-83F2-230403187A1D}.Debug|Any CPU.ActiveCfg = Debug|Any CPU
		{E52E2CC2-289E-4463-83F2-230403187A1D}.Debug|Any CPU.Build.0 = Debug|Any CPU
		{E52E2CC2-289E-4463-83F2-230403187A1D}.Release|Any CPU.ActiveCfg = Release|Any CPU
		{E52E2CC2-289E-4463-83F2-230403187A1D}.Release|Any CPU.Build.0 = Release|Any CPU
		{5BC060F9-2657-42B2-881F-B326967BA167}.Debug|Any CPU.ActiveCfg = Debug|Any CPU
		{5BC060F9-2657-42B2-881F-B326967BA167}.Debug|Any CPU.Build.0 = Debug|Any CPU
		{5BC060F9-2657-42B2-881F-B326967BA167}.Release|Any CPU.ActiveCfg = Release|Any CPU
		{5BC060F9-2657-42B2-881F-B326967BA167}.Release|Any CPU.Build.0 = Release|Any CPU
		{65CBFEB6-6820-4F24-B2E3-BD0BB76E9E10}.Debug|Any CPU.ActiveCfg = Debug|Any CPU
		{65CBFEB6-6820-4F24-B2E3-BD0BB76E9E10}.Debug|Any CPU.Build.0 = Debug|Any CPU
		{65CBFEB6-6820-4F24-B2E3-BD0BB76E9E10}.Release|Any CPU.ActiveCfg = Release|Any CPU
		{65CBFEB6-6820-4F24-B2E3-BD0BB76E9E10}.Release|Any CPU.Build.0 = Release|Any CPU
		{29A0FCD5-FA3D-4B5D-B685-80060CE7ED69}.Debug|Any CPU.ActiveCfg = Debug|Any CPU
		{29A0FCD5-FA3D-4B5D-B685-80060CE7ED69}.Debug|Any CPU.Build.0 = Debug|Any CPU
		{29A0FCD5-FA3D-4B5D-B685-80060CE7ED69}.Release|Any CPU.ActiveCfg = Release|Any CPU
		{29A0FCD5-FA3D-4B5D-B685-80060CE7ED69}.Release|Any CPU.Build.0 = Release|Any CPU
		{2FFB09B1-DCBC-42D7-9339-C969CCE9F7DE}.Debug|Any CPU.ActiveCfg = Debug|Any CPU
		{2FFB09B1-DCBC-42D7-9339-C969CCE9F7DE}.Debug|Any CPU.Build.0 = Debug|Any CPU
		{2FFB09B1-DCBC-42D7-9339-C969CCE9F7DE}.Release|Any CPU.ActiveCfg = Release|Any CPU
		{2FFB09B1-DCBC-42D7-9339-C969CCE9F7DE}.Release|Any CPU.Build.0 = Release|Any CPU
		{2A2A7BD2-F51E-4E82-A269-9C9E695AF598}.Debug|Any CPU.ActiveCfg = Debug|Any CPU
		{2A2A7BD2-F51E-4E82-A269-9C9E695AF598}.Debug|Any CPU.Build.0 = Debug|Any CPU
		{2A2A7BD2-F51E-4E82-A269-9C9E695AF598}.Release|Any CPU.ActiveCfg = Release|Any CPU
		{2A2A7BD2-F51E-4E82-A269-9C9E695AF598}.Release|Any CPU.Build.0 = Release|Any CPU
		{0EF7A85F-03E0-4FF9-8E91-B74A738F5E03}.Debug|Any CPU.ActiveCfg = Debug|Any CPU
		{0EF7A85F-03E0-4FF9-8E91-B74A738F5E03}.Debug|Any CPU.Build.0 = Debug|Any CPU
		{0EF7A85F-03E0-4FF9-8E91-B74A738F5E03}.Release|Any CPU.ActiveCfg = Release|Any CPU
		{0EF7A85F-03E0-4FF9-8E91-B74A738F5E03}.Release|Any CPU.Build.0 = Release|Any CPU
		{34F891E9-4BDA-45BD-9E71-E7BA723894A7}.Debug|Any CPU.ActiveCfg = Debug|Any CPU
		{34F891E9-4BDA-45BD-9E71-E7BA723894A7}.Debug|Any CPU.Build.0 = Debug|Any CPU
		{34F891E9-4BDA-45BD-9E71-E7BA723894A7}.Release|Any CPU.ActiveCfg = Release|Any CPU
		{34F891E9-4BDA-45BD-9E71-E7BA723894A7}.Release|Any CPU.Build.0 = Release|Any CPU
		{C29457B7-00D5-420F-8C28-86AA508DB6AB}.Debug|Any CPU.ActiveCfg = Debug|Any CPU
		{C29457B7-00D5-420F-8C28-86AA508DB6AB}.Debug|Any CPU.Build.0 = Debug|Any CPU
		{C29457B7-00D5-420F-8C28-86AA508DB6AB}.Release|Any CPU.ActiveCfg = Release|Any CPU
		{C29457B7-00D5-420F-8C28-86AA508DB6AB}.Release|Any CPU.Build.0 = Release|Any CPU
		{1A96D99F-2BAC-4B4A-A404-24DDE4FA8ADE}.Debug|Any CPU.ActiveCfg = Debug|Any CPU
		{1A96D99F-2BAC-4B4A-A404-24DDE4FA8ADE}.Debug|Any CPU.Build.0 = Debug|Any CPU
		{1A96D99F-2BAC-4B4A-A404-24DDE4FA8ADE}.Release|Any CPU.ActiveCfg = Release|Any CPU
		{1A96D99F-2BAC-4B4A-A404-24DDE4FA8ADE}.Release|Any CPU.Build.0 = Release|Any CPU
	EndGlobalSection
	GlobalSection(SolutionProperties) = preSolution
		HideSolutionNode = FALSE
	EndGlobalSection
	GlobalSection(NestedProjects) = preSolution
		{6F45A524-AFAB-4620-9F91-20D3B0FD7C74} = {E899D610-2431-4686-A462-BC628AFD7675}
		{B7F84CE9-B9BE-4E8F-B313-D9F15F0DCE5B} = {E899D610-2431-4686-A462-BC628AFD7675}
		{E52E2CC2-289E-4463-83F2-230403187A1D} = {E899D610-2431-4686-A462-BC628AFD7675}
		{5BC060F9-2657-42B2-881F-B326967BA167} = {B2914E4B-CAE3-4DC3-A201-965A034B1DD3}
		{65CBFEB6-6820-4F24-B2E3-BD0BB76E9E10} = {B2914E4B-CAE3-4DC3-A201-965A034B1DD3}
		{29A0FCD5-FA3D-4B5D-B685-80060CE7ED69} = {B2914E4B-CAE3-4DC3-A201-965A034B1DD3}
		{2FFB09B1-DCBC-42D7-9339-C969CCE9F7DE} = {91BEEB35-5A0A-458A-AA0E-196BD5D3A756}
		{2A2A7BD2-F51E-4E82-A269-9C9E695AF598} = {91BEEB35-5A0A-458A-AA0E-196BD5D3A756}
		{0EF7A85F-03E0-4FF9-8E91-B74A738F5E03} = {91BEEB35-5A0A-458A-AA0E-196BD5D3A756}
		{34F891E9-4BDA-45BD-9E71-E7BA723894A7} = {131B8A91-AE5E-4D5D-B9D5-DB4BC209EA23}
		{C29457B7-00D5-420F-8C28-86AA508DB6AB} = {0123E3AA-2E31-440E-9153-F62A344B7002}
		{1A96D99F-2BAC-4B4A-A404-24DDE4FA8ADE} = {269C50E5-3D53-4134-8AE4-2F7FFF427BB5}
	EndGlobalSection
	GlobalSection(ExtensibilityGlobals) = postSolution
		SolutionGuid = {82A8ED35-A945-4BF3-8C8F-E4CD1DEB37B3}
	EndGlobalSection
EndGlobal
