
Microsoft Visual Studio Solution File, Format Version 12.00
# Visual Studio Version 17
VisualStudioVersion = 17.11.35303.130
MinimumVisualStudioVersion = 10.0.40219.1
Project("{2150E333-8FDC-42A3-9474-1A3956D46DE8}") = "Task0", "Task0", "{E899D610-2431-4686-A462-BC628AFD7675}"
EndProject
Project("{9A19103F-16F7-4668-BE54-9A1E7A4F7556}") = "Tyuiu.RogovAYu.Sprint1.Task0.V12.Lib", "Tyuiu.RogovAYu.Sprint1.Task0.V12.Lib\Tyuiu.RogovAYu.Sprint1.Task0.V12.Lib.csproj", "{6F45A524-AFAB-4620-9F91-20D3B0FD7C74}"
EndProject
Project("{9A19103F-16F7-4668-BE54-9A1E7A4F7556}") = "Tyuiu.RogovAYu.Sprint1.Task0.V12.Test", "Tyuiu.RogovAYu.Sprint1.Task0.V12.Test\Tyuiu.RogovAYu.Sprint1.Task0.V12.Test.csproj", "{B7F84CE9-B9BE-4E8F-B313-D9F15F0DCE5B}"
EndProject
Project("{FAE04EC0-301F-11D3-BF4B-00C04F79EFBC}") = "Tyuiu.RogovAYu.Sprint1.Task0.V12", "Tyuiu.RogovAYu.Sprint1.Task0.V12\Tyuiu.RogovAYu.Sprint1.Task0.V12.csproj", "{E52E2CC2-289E-4463-83F2-230403187A1D}"
EndProject
Global
	GlobalSection(SolutionConfigurationPlatforms) = preSolution
		Debug|Any CPU = Debug|Any CPU
		Release|Any CPU = Release|Any CPU
	EndGlobalSection
	GlobalSection(ProjectConfigurationPlatforms) = postSolution
		{6F45A524-AFAB-4620-9F91-20D3B0FD7C74}.Debug|Any CPU.ActiveCfg = Debug|Any CPU
		{6F45A524-AFAB-4620-9F91-20D3B0FD7C74}.Debug|Any CPU.Build.0 = Debug|Any CPU
		{6F45A524-AFAB-4620-9F91-20D3B0FD7C74}.Release|Any CPU.ActiveCfg = Release|Any CPU
		{6F45A524-AFAB-4620-9F91-20D3B0FD7C74}.Release|Any CPU.Build.0 = Release|Any CPU
		{B7F84CE9-B9BE-4E8F-B313-D9F15F0DCE5B}.Debug|Any CPU.ActiveCfg = Debug|Any CPU
		{B7F84CE9-B9BE-4E8F-B313-D9F15F0DCE5B}.Debug|Any CPU.Build.0 = Debug|Any CPU
		{B7F84CE9-B9BE-4E8F-B313-D9F15F0DCE5B}.Release|Any CPU.ActiveCfg = Release|Any CPU
		{B7F84CE9-B9BE-4E8F-B313-D9F15F0DCE5B}.Release|Any CPU.Build.0 = Release|Any CPU
		{E52E2CC2-289E-4463-83F2-230403187A1D}.Debug|Any CPU.ActiveCfg = Debug|Any CPU
		{E52E2CC2-289E-4463-83F2-230403187A1D}.Debug|Any CPU.Build.0 = Debug|Any CPU
		{E52E2CC2-289E-4463-83F2-230403187A1D}.Release|Any CPU.ActiveCfg = Release|Any CPU
		{E52E2CC2-289E-4463-83F2-230403187A1D}.Release|Any CPU.Build.0 = Release|Any CPU
	EndGlobalSection
	GlobalSection(SolutionProperties) = preSolution
		HideSolutionNode = FALSE
	EndGlobalSection
	GlobalSection(NestedProjects) = preSolution
		{6F45A524-AFAB-4620-9F91-20D3B0FD7C74} = {E899D610-2431-4686-A462-BC628AFD7675}
		{B7F84CE9-B9BE-4E8F-B313-D9F15F0DCE5B} = {E899D610-2431-4686-A462-BC628AFD7675}
		{E52E2CC2-289E-4463-83F2-230403187A1D} = {E899D610-2431-4686-A462-BC628AFD7675}
	EndGlobalSection
	GlobalSection(ExtensibilityGlobals) = postSolution
		SolutionGuid = {82A8ED35-A945-4BF3-8C8F-E4CD1DEB37B3}
	EndGlobalSection
EndGlobal
